
Microsoft Visual Studio Solution File, Format Version 12.00
# Visual Studio 2012
Project("{888888A0-9F3D-457C-B088-3A5042F75D52}") = "Knight_H_Client", "Knight_H_Client.pyproj", "{C06D668E-B814-43DB-A700-65C5DEA65FA5}"
EndProject
Global
	GlobalSection(SolutionConfigurationPlatforms) = preSolution
		Debug|Any CPU = Debug|Any CPU
		Release|Any CPU = Release|Any CPU
	EndGlobalSection
	GlobalSection(ProjectConfigurationPlatforms) = postSolution
		{C06D668E-B814-43DB-A700-65C5DEA65FA5}.Debug|Any CPU.ActiveCfg = Debug|Any CPU
		{C06D668E-B814-43DB-A700-65C5DEA65FA5}.Release|Any CPU.ActiveCfg = Release|Any CPU
	EndGlobalSection
	GlobalSection(SolutionProperties) = preSolution
		HideSolutionNode = FALSE
	EndGlobalSection
EndGlobal
